# This file is automatically @generated by Poetry 1.8.4 and should not be changed by hand.

[[package]]
name = "jpholiday"
version = "0.1.10"
description = "Pure-Python Japan Public Holiday Generate"
optional = false
python-versions = "*"
files = [
    {file = "jpholiday-0.1.10-py3-none-any.whl", hash = "sha256:2f4bea7380a6cd6dc263e1fec37ea9699e7b7c7e0f6e4a44fe8910d0e1b130ad"},
    {file = "jpholiday-0.1.10.tar.gz", hash = "sha256:117895652111138d21353f5686a6eb68c36ccf69ffef4ad9246f7ba801f54cfc"},
]

[metadata]
lock-version = "2.0"
python-versions = "^3.13"
content-hash = "54b2c4205e90b3345da74a72ff87ab34005a45f9550ad0036ae6cb6786346787"
